
Microsoft Visual Studio Solution File, Format Version 12.00
# Visual Studio Version 16
VisualStudioVersion = 16.0.32602.291
MinimumVisualStudioVersion = 10.0.40219.1
Project("{C9674DCB-5085-4A16-B785-4C70DD1589BD}") = "Flat_File_SSIS", "Flat_File_SSIS.dtproj", "{57B712C7-86F3-4BE0-AC20-8F47BD640948}"
EndProject
Global
	GlobalSection(SolutionConfigurationPlatforms) = preSolution
		Development|Default = Development|Default
	EndGlobalSection
	GlobalSection(ProjectConfigurationPlatforms) = postSolution
		{57B712C7-86F3-4BE0-AC20-8F47BD640948}.Development|Default.ActiveCfg = Development
		{57B712C7-86F3-4BE0-AC20-8F47BD640948}.Development|Default.Build.0 = Development
	EndGlobalSection
	GlobalSection(SolutionProperties) = preSolution
		HideSolutionNode = FALSE
	EndGlobalSection
	GlobalSection(ExtensibilityGlobals) = postSolution
		SolutionGuid = {6256F755-C473-4893-8A35-4256B087F637}
	EndGlobalSection
EndGlobal
